
Microsoft Visual Studio Solution File, Format Version 12.00
# Visual Studio Version 16
VisualStudioVersion = 16.0.36128.20
MinimumVisualStudioVersion = 10.0.40219.1
Project("{FAE04EC0-301F-11D3-BF4B-00C04F79EFBC}") = "ABC University", "ABC University\ABC University.csproj", "{838615C6-D721-4D16-9468-E83101F7A705}"
EndProject
Global
	GlobalSection(SolutionConfigurationPlatforms) = preSolution
		Debug|Any CPU = Debug|Any CPU
		Release|Any CPU = Release|Any CPU
	EndGlobalSection
	GlobalSection(ProjectConfigurationPlatforms) = postSolution
		{838615C6-D721-4D16-9468-E83101F7A705}.Debug|Any CPU.ActiveCfg = Debug|Any CPU
		{838615C6-D721-4D16-9468-E83101F7A705}.Debug|Any CPU.Build.0 = Debug|Any CPU
		{838615C6-D721-4D16-9468-E83101F7A705}.Release|Any CPU.ActiveCfg = Release|Any CPU
		{838615C6-D721-4D16-9468-E83101F7A705}.Release|Any CPU.Build.0 = Release|Any CPU
	EndGlobalSection
	GlobalSection(SolutionProperties) = preSolution
		HideSolutionNode = FALSE
	EndGlobalSection
	GlobalSection(ExtensibilityGlobals) = postSolution
		SolutionGuid = {E54211AC-078F-4337-B750-244B646B0CC2}
	EndGlobalSection
EndGlobal
